# THIS IS AN AUTOGENERATED FILE. DO NOT EDIT THIS FILE DIRECTLY.
# yarn lockfile v1


"@iconify-icons/clarity@^1.1.1":
  version "1.2.4"
  resolved "https://registry.yarnpkg.com/@iconify-icons/clarity/-/clarity-1.2.4.tgz#2a38fb32b2bbe825048c09fddaa049131dfaf40c"
  integrity sha512-ygRWMD1EXhS4ozS6CQuBXLq6gYIQR7m+LxSqPWJ7HGtPcwRQxTjFvhyWmvRlqpipzWBG6kl1rBPxOQeN1JOS/w==
  dependencies:
    "@iconify/types" "^1.0.12"

"@iconify-icons/ri@^1.1.0":
  version "1.2.2"
  resolved "https://registry.yarnpkg.com/@iconify-icons/ri/-/ri-1.2.2.tgz#82e7134129cd533fb96db5b8fc5baa8dde7ac3cd"
  integrity sha512-RIT/AeAiqVhAipHRIsb4H5Q9t/d2zzm6kNmMCB8tArBKus6oyF7tdf7MiYNcHaAhJWAbbselQbZpB42nsRjZfg==
  dependencies:
    "@iconify/types" "^1.1.0"

"@iconify/icons-fluent@^1.2.5":
  version "1.2.11"
  resolved "https://registry.yarnpkg.com/@iconify/icons-fluent/-/icons-fluent-1.2.11.tgz#30c6ca4dc68f8f41be68cc43d0bed2229b634a79"
  integrity sha512-Vd57uIbVGmEINkryqpQWjCdgCO/pE8oTlNTX7feoB8nbNkfenqyEY+G86nupeyAdIzObKqWc3dk1VtCQJxRDHQ==
  dependencies:
    "@iconify/types" "^1.1.0"

"@iconify/icons-mdi@^1.1.15":
  version "1.2.17"
  resolved "https://registry.yarnpkg.com/@iconify/icons-mdi/-/icons-mdi-1.2.17.tgz#85c706c5d0a7ade4c9694ab9423722a7c962fab5"
  integrity sha512-5Wa1RDhwdoX3ZSH9vCg2UQLqWfqftnmMjWaNl/j+NLtr+uN4ZUGD+SSLf/4cFk7ZfQ8HGeTGWoV2/xxcZUB1xw==
  dependencies:
    "@iconify/types" "^1.1.0"

"@iconify/types@^1.0.12", "@iconify/types@^1.1.0":
  version "1.1.0"
  resolved "https://registry.yarnpkg.com/@iconify/types/-/types-1.1.0.tgz#dc15fc988b1b3fd558dd140a24ede7e0aac11280"
  integrity sha512-Jh0llaK2LRXQoYsorIH8maClebsnzTcve+7U3rQUSnC11X4jtPnFuyatqFLvMxZ8MLG8dB4zfHsbPfuvxluONw==

debug@^4.3.3:
  version "4.3.4"
  resolved "https://registry.yarnpkg.com/debug/-/debug-4.3.4.tgz#1319f6579357f2338d3337d2cdd4914bb5dcc865"
  integrity sha512-PRWFHuSU3eDtQJPvnNY7Jcket1j0t5OuOsFzPPzsekD52Zl8qUfFIPEiswXqIvHWGVHOgX+7G/vCNNhehwxfkQ==
  dependencies:
    ms "2.1.2"

electron-screenshots@^0.5.14:
  version "0.5.14"
  resolved "https://registry.yarnpkg.com/electron-screenshots/-/electron-screenshots-0.5.14.tgz#c504c85c9752a5eb8865866777d9d91d605115ea"
  integrity sha512-tiv6BgxTnjxpiwQNrq0jULhpcbt+Ln6eWuU1PFYLzBm+xG9jeS3hRC6IKmzRcevJW0k2Dnqj5Wei8k9XM7NkAw==
  dependencies:
    debug "^4.3.3"
    fs-extra "^10.1.0"
    node-screenshots "^0.0.14"
    react-screenshots "^0.5.10"

fs-extra@^10.1.0:
  version "10.1.0"
  resolved "https://registry.yarnpkg.com/fs-extra/-/fs-extra-10.1.0.tgz#02873cfbc4084dde127eaa5f9905eef2325d1abf"
  integrity sha512-oRXApq54ETRj4eMiFzGnHWGy+zo5raudjuxN0b8H7s/RU2oW0Wvsx9O0ACRN/kRq9E8Vu/ReskGB5o3ji+FzHQ==
  dependencies:
    graceful-fs "^4.2.0"
    jsonfile "^6.0.1"
    universalify "^2.0.0"

graceful-fs@^4.1.6, graceful-fs@^4.2.0:
  version "4.2.10"
  resolved "https://registry.yarnpkg.com/graceful-fs/-/graceful-fs-4.2.10.tgz#147d3a006da4ca3ce14728c7aefc287c367d7a6c"
  integrity sha512-9ByhssR2fPVsNZj478qUUbKfmL0+t5BDVyjShtyZZLiK7ZDAArFFfopyOTj0M05wE2tJPisA4iTnnXl2YoPvOA==

jsonfile@^6.0.1:
  version "6.1.0"
  resolved "https://registry.yarnpkg.com/jsonfile/-/jsonfile-6.1.0.tgz#bc55b2634793c679ec6403094eb13698a6ec0aae"
  integrity sha512-5dgndWOriYSm5cnYaJNhalLNDKOqFwyDB/rr1E9ZsGciGvKPs8R2xYGCacuf3z6K1YKDz182fd+fY3cn3pMqXQ==
  dependencies:
    universalify "^2.0.0"
  optionalDependencies:
    graceful-fs "^4.1.6"

ms@2.1.2:
  version "2.1.2"
  resolved "https://registry.yarnpkg.com/ms/-/ms-2.1.2.tgz#d09d1f357b443f493382a8eb3ccd183872ae6009"
  integrity sha512-sGkPx+VjMtmA6MX27oA4FBFELFCZZ4S4XqeGOXCv68tT+jb3vk/RyaKWP0PTKyWtmLSM0b+adUTEvbs1PEaH2w==

node-screenshots-darwin-arm64@0.0.14:
  version "0.0.14"
  resolved "https://registry.yarnpkg.com/node-screenshots-darwin-arm64/-/node-screenshots-darwin-arm64-0.0.14.tgz#a6da455055db59e1dc87487c292ea14154c03bad"
  integrity sha512-9AqVOIzvGqKhjPHqTqNDyx5R/HGKZFAfK1vTeyIoLjpB4M39l2NiVSvQIAmFwMuUOZRkH1SGrIK+dPg7zjkgyQ==

node-screenshots-darwin-x64@0.0.14:
  version "0.0.14"
  resolved "https://registry.yarnpkg.com/node-screenshots-darwin-x64/-/node-screenshots-darwin-x64-0.0.14.tgz#a9d0b6f6966cfba68cc93f791c661774d028718b"
  integrity sha512-FpIExIC39vpRe3yQ2UVxzxay0g2CHIMU3Cpz+hABOBBwJUhAOiCtHkT3VNE4h5XvLP8Ia1dEjf6tBJh8pJEjhg==

node-screenshots-linux-x64-gnu@0.0.14:
  version "0.0.14"
  resolved "https://registry.yarnpkg.com/node-screenshots-linux-x64-gnu/-/node-screenshots-linux-x64-gnu-0.0.14.tgz#975595461b3c5820579c6ad334e483d8291c4ef3"
  integrity sha512-Hj6W5xiqt1Hr+c26fBLwm4APPfadyW8kdeufIV5javMUhj8qui2VPuIHLrqFFvVS5kT6ouKI/F3ZzSmL/lVyiA==

node-screenshots-linux-x64-musl@0.0.14:
  version "0.0.14"
  resolved "https://registry.yarnpkg.com/node-screenshots-linux-x64-musl/-/node-screenshots-linux-x64-musl-0.0.14.tgz#f60164ca2c122a125a5f2c93df2c5bb753643ff9"
  integrity sha512-0vJrK4rShKw2JO5j5spqTOnicK6vU1uSPMIsUQGIZdd8CrX7tRTZbKvIIORpVv0ml2J+ywIb1HOdMsqWqK0iSw==

node-screenshots-win32-arm64-msvc@0.0.14:
  version "0.0.14"
  resolved "https://registry.yarnpkg.com/node-screenshots-win32-arm64-msvc/-/node-screenshots-win32-arm64-msvc-0.0.14.tgz#f87de483ff933a93703b3ff8537c9acc466cb4f0"
  integrity sha512-ja4Dp+OdKJhglVCZCBYUtGx2hvj80OnHXg2ceYhfa6VHOuZHP2UBl/kkisk+DQt2cGYRclf4PZnjy/GCS6Aalg==

node-screenshots-win32-ia32-msvc@0.0.14:
  version "0.0.14"
  resolved "https://registry.yarnpkg.com/node-screenshots-win32-ia32-msvc/-/node-screenshots-win32-ia32-msvc-0.0.14.tgz#20fb21b824888005ebd82a532e6ef2a6ca7ea9a3"
  integrity sha512-triEn3343nbv34ttgq3UfZQ0j4GpzaF48tZV05gKtE/J0mcKp7hQKuRDnk/n8ChwO2czPTlvF/QF0UNjI9tSVQ==

node-screenshots-win32-x64-msvc@0.0.14:
  version "0.0.14"
  resolved "https://registry.yarnpkg.com/node-screenshots-win32-x64-msvc/-/node-screenshots-win32-x64-msvc-0.0.14.tgz#ecf570a72f827d443f06c4285776b9a83b1b0e15"
  integrity sha512-ZmZ3QTI1/cTZiww3ECLUGJTES4T7+CLGu6LintKEPVxFxIuzQzigOyAfMXJSggrTII9N5c4enPhHS9hgoxtnvQ==

node-screenshots@^0.0.14:
  version "0.0.14"
  resolved "https://registry.yarnpkg.com/node-screenshots/-/node-screenshots-0.0.14.tgz#719a59d66dbf883cba1dcf8c3c08964de09600c9"
  integrity sha512-7i+Ogax/nlKuC3QJR9qzlwgSNmvhQnFW9CjessBON2bEWlel0lXNk76ej9RLmq5kIi1V5hJm5vl5bUArfUBMog==
  optionalDependencies:
    node-screenshots-darwin-arm64 "0.0.14"
    node-screenshots-darwin-x64 "0.0.14"
    node-screenshots-linux-x64-gnu "0.0.14"
    node-screenshots-linux-x64-musl "0.0.14"
    node-screenshots-win32-arm64-msvc "0.0.14"
    node-screenshots-win32-ia32-msvc "0.0.14"
    node-screenshots-win32-x64-msvc "0.0.14"

react-screenshots@^0.5.10:
  version "0.5.10"
  resolved "https://registry.yarnpkg.com/react-screenshots/-/react-screenshots-0.5.10.tgz#201567855d53f34f852026d032769badc1d4c8ca"
  integrity sha512-G0pxPIhAOMw21QQ+NnA6SGgPWfx8Z4CQP9yZdY27hofRm+S6oEZ+yzDSW9ncvLNPlsteyf1yJGa3XPvptSeqNw==

universalify@^2.0.0:
  version "2.0.0"
  resolved "https://registry.yarnpkg.com/universalify/-/universalify-2.0.0.tgz#75a4984efedc4b08975c5aeb73f530d02df25717"
  integrity sha512-hAZsKq7Yy11Zu1DE0OzWjw7nnLZmJZYTDZZyEFHZdUhV8FkH5MCfoU1XMaxXovpyW5nq5scPqq0ZDP9Zyl04oQ==
