# THIS IS AN AUTOGENERATED FILE. DO NOT EDIT THIS FILE DIRECTLY.
# yarn lockfile v1


"@iconify-icons/clarity@^1.1.1":
  version "1.2.4"
  resolved "https://registry.yarnpkg.com/@iconify-icons/clarity/-/clarity-1.2.4.tgz#2a38fb32b2bbe825048c09fddaa049131dfaf40c"
  integrity sha512-ygRWMD1EXhS4ozS6CQuBXLq6gYIQR7m+LxSqPWJ7HGtPcwRQxTjFvhyWmvRlqpipzWBG6kl1rBPxOQeN1JOS/w==
  dependencies:
    "@iconify/types" "^1.0.12"

"@iconify-icons/ri@^1.1.0":
  version "1.2.2"
  resolved "https://registry.yarnpkg.com/@iconify-icons/ri/-/ri-1.2.2.tgz#82e7134129cd533fb96db5b8fc5baa8dde7ac3cd"
  integrity sha512-RIT/AeAiqVhAipHRIsb4H5Q9t/d2zzm6kNmMCB8tArBKus6oyF7tdf7MiYNcHaAhJWAbbselQbZpB42nsRjZfg==
  dependencies:
    "@iconify/types" "^1.1.0"

"@iconify/icons-fluent@^1.2.5":
  version "1.2.11"
  resolved "https://registry.yarnpkg.com/@iconify/icons-fluent/-/icons-fluent-1.2.11.tgz#30c6ca4dc68f8f41be68cc43d0bed2229b634a79"
  integrity sha512-Vd57uIbVGmEINkryqpQWjCdgCO/pE8oTlNTX7feoB8nbNkfenqyEY+G86nupeyAdIzObKqWc3dk1VtCQJxRDHQ==
  dependencies:
    "@iconify/types" "^1.1.0"

"@iconify/icons-mdi@^1.1.15":
  version "1.2.17"
  resolved "https://registry.yarnpkg.com/@iconify/icons-mdi/-/icons-mdi-1.2.17.tgz#85c706c5d0a7ade4c9694ab9423722a7c962fab5"
  integrity sha512-5Wa1RDhwdoX3ZSH9vCg2UQLqWfqftnmMjWaNl/j+NLtr+uN4ZUGD+SSLf/4cFk7ZfQ8HGeTGWoV2/xxcZUB1xw==
  dependencies:
    "@iconify/types" "^1.1.0"

"@iconify/types@^1.0.12", "@iconify/types@^1.1.0":
  version "1.1.0"
  resolved "https://registry.yarnpkg.com/@iconify/types/-/types-1.1.0.tgz#dc15fc988b1b3fd558dd140a24ede7e0aac11280"
  integrity sha512-Jh0llaK2LRXQoYsorIH8maClebsnzTcve+7U3rQUSnC11X4jtPnFuyatqFLvMxZ8MLG8dB4zfHsbPfuvxluONw==
