{
  "name": "electron-react-boilerplate",
  "version": "2.3.0",
  "lockfileVersion": 1,
  "requires": true,
  "dependencies": {
    "@iconify-icons/clarity": {
      "version": "1.1.2",
      "resolved": "https://registry.npmjs.org/@iconify-icons/clarity/-/clarity-1.1.2.tgz",
      "integrity": "sha512-2h8YmBgwwhqcG5cKeJopUHldVgxElJA1zRjT4vLCrzlvZ1iEAGnszNAUi5VWfXCtM8eZcevpP4cQHSBjhyyf4A=="
    },
    "@iconify-icons/ri": {
      "version": "1.1.0",
      "resolved": "https://registry.npmjs.org/@iconify-icons/ri/-/ri-1.1.0.tgz",
      "integrity": "sha512-9773shGDNQ5XwULVRFGIl6lYEEML0C2jUJE0tuGl7G2oEl3mh8bnLUdt0l3ntlONaN5F4swoSDP27P5j8ezyeA=="
    },
    "@iconify/icons-mdi": {
      "version": "1.1.24",
      "resolved": "https://registry.npmjs.org/@iconify/icons-mdi/-/icons-mdi-1.1.24.tgz",
      "integrity": "sha512-kiZgq6eC1t0RcbUEXhjuLXyu3vwQ1f8UBtq+eiqF3jbvpAlz+uql1WPIMG1B5QmbrzxyRRFDOFfQ5SPYz+cQ9Q=="
    },
    "@types/prop-types": {
      "version": "15.7.4",
      "resolved": "https://registry.npmjs.org/@types/prop-types/-/prop-types-15.7.4.tgz",
      "integrity": "sha512-rZ5drC/jWjrArrS8BR6SIr4cWpW09RNTYt9AMZo3Jwwif+iacXAqgVjm0B0Bv/S1jhDXKHqRVNCbACkJ89RAnQ==",
      "dev": true
    },
    "@types/react": {
      "version": "17.0.21",
      "resolved": "https://registry.npmjs.org/@types/react/-/react-17.0.21.tgz",
      "integrity": "sha512-GzzXCpOthOjXvrAUFQwU/svyxu658cwu00Q9ugujS4qc1zXgLFaO0kS2SLOaMWLt2Jik781yuHCWB7UcYdGAeQ==",
      "dev": true,
      "requires": {
        "@types/prop-types": "*",
        "@types/scheduler": "*",
        "csstype": "^3.0.2"
      }
    },
    "@types/react-scroll": {
      "version": "1.8.3",
      "resolved": "https://registry.npmjs.org/@types/react-scroll/-/react-scroll-1.8.3.tgz",
      "integrity": "sha512-Xt0+Y58pwrIv+vRFxcyKDoo0gBWBR2eNMJ4XRMhQpZdGUtmjnszPi/wFEJSAY+5r83ypJsSA+hOpSc3hRpYlWw==",
      "dev": true,
      "requires": {
        "@types/react": "*"
      }
    },
    "@types/scheduler": {
      "version": "0.16.2",
      "resolved": "https://registry.npmjs.org/@types/scheduler/-/scheduler-0.16.2.tgz",
      "integrity": "sha512-hppQEBDmlwhFAXKJX2KnWLYu5yMfi91yazPb2l+lbJiwW+wdo1gNeRA+3RgNSO39WYX2euey41KEwnqesU2Jew==",
      "dev": true
    },
    "csstype": {
      "version": "3.0.9",
      "resolved": "https://registry.npmjs.org/csstype/-/csstype-3.0.9.tgz",
      "integrity": "sha512-rpw6JPxK6Rfg1zLOYCSwle2GFOOsnjmDYDaBwEcwoOg4qlsIVCN789VkBZDJAGi4T07gI4YSutR43t9Zz4Lzuw==",
      "dev": true
    }
  }
}
