# THIS IS AN AUTOGENERATED FILE. DO NOT EDIT THIS FILE DIRECTLY.
# yarn lockfile v1


"@iconify-icons/clarity@^1.1.1":
  version "1.1.2"
  resolved "https://registry.yarnpkg.com/@iconify-icons/clarity/-/clarity-1.1.2.tgz#6e5d97c683ae09ec3d2370d78713bfc05168909c"
  integrity sha512-2h8YmBgwwhqcG5cKeJopUHldVgxElJA1zRjT4vLCrzlvZ1iEAGnszNAUi5VWfXCtM8eZcevpP4cQHSBjhyyf4A==

"@iconify-icons/ri@^1.1.0":
  version "1.1.0"
  resolved "https://registry.yarnpkg.com/@iconify-icons/ri/-/ri-1.1.0.tgz#2ad1aab443c304e3a0a4a3e708b1dee0ed95ce5b"
  integrity sha512-9773shGDNQ5XwULVRFGIl6lYEEML0C2jUJE0tuGl7G2oEl3mh8bnLUdt0l3ntlONaN5F4swoSDP27P5j8ezyeA==

"@iconify/icons-mdi@^1.1.15":
  version "1.1.24"
  resolved "https://registry.yarnpkg.com/@iconify/icons-mdi/-/icons-mdi-1.1.24.tgz#1520f664679cb82881e5a14ed405634988c1bdaa"
  integrity sha512-kiZgq6eC1t0RcbUEXhjuLXyu3vwQ1f8UBtq+eiqF3jbvpAlz+uql1WPIMG1B5QmbrzxyRRFDOFfQ5SPYz+cQ9Q==
